#
# This file is autogenerated by pip-compile with Python 3.11
# by the following command:
#
#    pip-compile --extra=dev --extra=onnx --extra=semantic --output-file=requirements-dev.lock --strip-extras pyproject.toml
#
affine==2.4.0
    # via rasterio
annotated-doc==0.0.4
    # via typer
anyio==4.14.2
    # via httpx
attrs==26.1.0
    # via rasterio
build==1.5.0
    # via pip-tools
certifi==2026.7.22
    # via
    #   httpcore
    #   httpx
    #   rasterio
    #   requests
charset-normalizer==3.4.9
    # via requests
click==8.4.2
    # via
    #   click-plugins
    #   cligj
    #   huggingface-hub
    #   pip-tools
    #   rasterio
click-plugins==1.1.1.2
    # via rasterio
cligj==0.7.2
    # via rasterio
contourpy==1.3.3
    # via matplotlib
coverage==7.15.2
    # via pytest-cov
cycler==0.12.1
    # via matplotlib
filelock==3.32.0
    # via
    #   huggingface-hub
    #   torch
flatbuffers==25.12.19
    # via onnxruntime
fonttools==4.63.0
    # via matplotlib
fsspec==2026.6.0
    # via
    #   huggingface-hub
    #   torch
h11==0.16.0
    # via httpcore
hf-xet==1.5.2
    # via huggingface-hub
httpcore==1.0.9
    # via httpx
httpx==0.28.1
    # via huggingface-hub
huggingface-hub==1.25.1
    # via
    #   tokenizers
    #   transformers
idna==3.18
    # via
    #   anyio
    #   httpx
    #   requests
iniconfig==2.3.0
    # via pytest
jinja2==3.1.6
    # via torch
kiwisolver==1.5.0
    # via matplotlib
librt==0.13.0
    # via mypy
markdown-it-py==4.2.0
    # via rich
markupsafe==3.0.3
    # via jinja2
matplotlib==3.11.1
    # via ultralytics
mdurl==0.1.2
    # via markdown-it-py
ml-dtypes==0.5.4
    # via onnx
mpmath==1.3.0
    # via sympy
mypy==1.20.2
    # via uav-crop-analysis (pyproject.toml)
mypy-extensions==1.1.0
    # via mypy
networkx==3.6.1
    # via torch
numpy==2.4.5
    # via
    #   contourpy
    #   matplotlib
    #   ml-dtypes
    #   onnx
    #   onnxruntime
    #   opencv-python
    #   pandas
    #   rasterio
    #   scipy
    #   torchvision
    #   transformers
    #   uav-crop-analysis (pyproject.toml)
    #   ultralytics
    #   ultralytics-thop
onnx==1.22.0
    # via uav-crop-analysis (pyproject.toml)
onnxruntime==1.28.0
    # via uav-crop-analysis (pyproject.toml)
opencv-python==4.13.0.92
    # via
    #   uav-crop-analysis (pyproject.toml)
    #   ultralytics
packaging==26.2
    # via
    #   build
    #   huggingface-hub
    #   matplotlib
    #   onnxruntime
    #   pytest
    #   transformers
    #   wheel
pandas==3.0.3
    # via uav-crop-analysis (pyproject.toml)
pathspec==1.1.1
    # via mypy
pillow==12.2.0
    # via
    #   matplotlib
    #   torchvision
    #   uav-crop-analysis (pyproject.toml)
    #   ultralytics
pip-tools==7.6.0
    # via uav-crop-analysis (pyproject.toml)
pluggy==1.6.0
    # via
    #   pytest
    #   pytest-cov
    #   pytest-qt
polars==1.43.0
    # via ultralytics
polars-runtime-32==1.43.0
    # via polars
protobuf==7.35.1
    # via
    #   onnx
    #   onnxruntime
psutil==7.2.2
    # via ultralytics
pygments==2.20.0
    # via
    #   pytest
    #   rich
pyodm==1.5.13
    # via uav-crop-analysis (pyproject.toml)
pyparsing==3.3.2
    # via
    #   matplotlib
    #   rasterio
pyproject-hooks==1.2.0
    # via
    #   build
    #   pip-tools
pyside6-essentials==6.11.1
    # via uav-crop-analysis (pyproject.toml)
pytest==8.4.2
    # via
    #   pytest-cov
    #   pytest-qt
    #   uav-crop-analysis (pyproject.toml)
pytest-cov==7.1.0
    # via uav-crop-analysis (pyproject.toml)
pytest-qt==4.5.0
    # via uav-crop-analysis (pyproject.toml)
python-dateutil==2.9.0.post0
    # via
    #   matplotlib
    #   pandas
pyyaml==6.0.3
    # via
    #   huggingface-hub
    #   transformers
    #   ultralytics
rasterio==1.4.4
    # via uav-crop-analysis (pyproject.toml)
regex==2026.7.19
    # via transformers
requests==2.34.2
    # via
    #   pyodm
    #   requests-toolbelt
    #   ultralytics
requests-toolbelt==1.0.0
    # via pyodm
rich==15.0.0
    # via typer
ruff==0.16.0
    # via uav-crop-analysis (pyproject.toml)
safetensors==0.8.0
    # via transformers
scipy==1.17.1
    # via ultralytics
shellingham==1.5.4
    # via typer
shiboken6==6.11.1
    # via pyside6-essentials
six==1.17.0
    # via python-dateutil
sympy==1.14.0
    # via torch
tokenizers==0.22.2
    # via transformers
torch==2.12.0
    # via
    #   torchvision
    #   uav-crop-analysis (pyproject.toml)
    #   ultralytics
    #   ultralytics-thop
torchvision==0.27.0
    # via
    #   uav-crop-analysis (pyproject.toml)
    #   ultralytics
tqdm==4.69.1
    # via
    #   huggingface-hub
    #   transformers
transformers==5.14.1
    # via uav-crop-analysis (pyproject.toml)
typer==0.27.0
    # via transformers
typing-extensions==4.16.0
    # via
    #   anyio
    #   huggingface-hub
    #   mypy
    #   onnx
    #   pytest-qt
    #   torch
ultralytics==8.4.51
    # via uav-crop-analysis (pyproject.toml)
ultralytics-thop==2.1.0
    # via ultralytics
urllib3==2.7.0
    # via
    #   pyodm
    #   requests
wheel==0.47.0
    # via pip-tools

# The following packages are considered to be unsafe in a requirements file:
# pip
# setuptools
